{
  "name": "foodbar_server",
  "version": "1.0.0",
  "lockfileVersion": 1,
  "requires": true,
  "dependencies": {
    "@modular-rest/server": {
      "version": "file:../../modular-rest/packages/server",
      "requires": {
        "@koa/cors": "^3.1.0",
        "colog": "^1.0.4",
        "file-system": "^2.2.2",
        "generate-rsa-keypair": "^0.2.1",
        "jsonwebtoken": "^8.5.1",
        "koa": "^2.5.3",
        "koa-body": "^4.2.0",
        "koa-router": "^7.4.0",
        "koa-static-server": "^1.5.2",
        "mongoose": "^5.10.9",
        "nested-property": "^4.0.0"
      },
      "dependencies": {
        "@koa/cors": {
          "version": "3.1.0",
          "requires": {
            "vary": "^1.1.2"
          }
        },
        "@types/bson": {
          "version": "4.0.3",
          "requires": {
            "@types/node": "*"
          }
        },
        "@types/formidable": {
          "version": "1.0.32",
          "requires": {
            "@types/node": "*"
          }
        },
        "@types/mongodb": {
          "version": "3.6.7",
          "requires": {
            "@types/bson": "*",
            "@types/node": "*"
          }
        },
        "@types/node": {
          "version": "14.14.27"
        },
        "accepts": {
          "version": "1.3.7",
          "requires": {
            "mime-types": "~2.1.24",
            "negotiator": "0.6.2"
          }
        },
        "any-promise": {
          "version": "1.3.0"
        },
        "bl": {
          "version": "2.2.1",
          "requires": {
            "readable-stream": "^2.3.5",
            "safe-buffer": "^5.1.1"
          }
        },
        "bluebird": {
          "version": "3.5.1"
        },
        "bson": {
          "version": "1.1.5"
        },
        "buffer-equal-constant-time": {
          "version": "1.0.1"
        },
        "bytes": {
          "version": "3.1.0"
        },
        "cache-content-type": {
          "version": "1.0.1",
          "requires": {
            "mime-types": "^2.1.18",
            "ylru": "^1.2.0"
          }
        },
        "co": {
          "version": "4.6.0"
        },
        "co-body": {
          "version": "5.2.0",
          "requires": {
            "inflation": "^2.0.0",
            "qs": "^6.4.0",
            "raw-body": "^2.2.0",
            "type-is": "^1.6.14"
          }
        },
        "colog": {
          "version": "1.0.4"
        },
        "content-disposition": {
          "version": "0.5.3",
          "requires": {
            "safe-buffer": "5.1.2"
          },
          "dependencies": {
            "safe-buffer": {
              "version": "5.1.2"
            }
          }
        },
        "content-type": {
          "version": "1.0.4"
        },
        "cookies": {
          "version": "0.8.0",
          "requires": {
            "depd": "~2.0.0",
            "keygrip": "~1.1.0"
          },
          "dependencies": {
            "depd": {
              "version": "2.0.0"
            }
          }
        },
        "core-util-is": {
          "version": "1.0.2"
        },
        "debug": {
          "version": "3.1.0",
          "requires": {
            "ms": "2.0.0"
          },
          "dependencies": {
            "ms": {
              "version": "2.0.0"
            }
          }
        },
        "deep-equal": {
          "version": "1.0.1"
        },
        "delegates": {
          "version": "1.0.0"
        },
        "denque": {
          "version": "1.5.0"
        },
        "depd": {
          "version": "1.1.2"
        },
        "destroy": {
          "version": "1.0.4"
        },
        "ecdsa-sig-formatter": {
          "version": "1.0.11",
          "requires": {
            "safe-buffer": "^5.0.1"
          }
        },
        "ee-first": {
          "version": "1.1.1"
        },
        "encodeurl": {
          "version": "1.0.2"
        },
        "escape-html": {
          "version": "1.0.3"
        },
        "file-match": {
          "version": "1.0.2",
          "requires": {
            "utils-extend": "^1.0.6"
          }
        },
        "file-system": {
          "version": "2.2.2",
          "requires": {
            "file-match": "^1.0.1",
            "utils-extend": "^1.0.4"
          }
        },
        "formidable": {
          "version": "1.2.2"
        },
        "fresh": {
          "version": "0.5.2"
        },
        "generate-rsa-keypair": {
          "version": "0.2.1"
        },
        "http-assert": {
          "version": "1.4.1",
          "requires": {
            "deep-equal": "~1.0.1",
            "http-errors": "~1.7.2"
          },
          "dependencies": {
            "http-errors": {
              "version": "1.7.3",
              "requires": {
                "depd": "~1.1.2",
                "inherits": "2.0.4",
                "setprototypeof": "1.1.1",
                "statuses": ">= 1.5.0 < 2",
                "toidentifier": "1.0.0"
              }
            },
            "setprototypeof": {
              "version": "1.1.1"
            }
          }
        },
        "http-errors": {
          "version": "1.8.0",
          "requires": {
            "depd": "~1.1.2",
            "inherits": "2.0.4",
            "setprototypeof": "1.2.0",
            "statuses": ">= 1.5.0 < 2",
            "toidentifier": "1.0.0"
          }
        },
        "iconv-lite": {
          "version": "0.4.24",
          "requires": {
            "safer-buffer": ">= 2.1.2 < 3"
          }
        },
        "inflation": {
          "version": "2.0.0"
        },
        "inherits": {
          "version": "2.0.4"
        },
        "is-generator-function": {
          "version": "1.0.8"
        },
        "isarray": {
          "version": "0.0.1"
        },
        "jsonwebtoken": {
          "version": "8.5.1",
          "requires": {
            "jws": "^3.2.2",
            "lodash.includes": "^4.3.0",
            "lodash.isboolean": "^3.0.3",
            "lodash.isinteger": "^4.0.4",
            "lodash.isnumber": "^3.0.3",
            "lodash.isplainobject": "^4.0.6",
            "lodash.isstring": "^4.0.1",
            "lodash.once": "^4.0.0",
            "ms": "^2.1.1",
            "semver": "^5.6.0"
          },
          "dependencies": {
            "ms": {
              "version": "2.1.3"
            }
          }
        },
        "jwa": {
          "version": "1.4.1",
          "requires": {
            "buffer-equal-constant-time": "1.0.1",
            "ecdsa-sig-formatter": "1.0.11",
            "safe-buffer": "^5.0.1"
          }
        },
        "jws": {
          "version": "3.2.2",
          "requires": {
            "jwa": "^1.4.1",
            "safe-buffer": "^5.0.1"
          }
        },
        "kareem": {
          "version": "2.3.2"
        },
        "keygrip": {
          "version": "1.1.0",
          "requires": {
            "tsscmp": "1.0.6"
          }
        },
        "koa": {
          "version": "2.13.1",
          "requires": {
            "accepts": "^1.3.5",
            "cache-content-type": "^1.0.0",
            "content-disposition": "~0.5.2",
            "content-type": "^1.0.4",
            "cookies": "~0.8.0",
            "debug": "~3.1.0",
            "delegates": "^1.0.0",
            "depd": "^2.0.0",
            "destroy": "^1.0.4",
            "encodeurl": "^1.0.2",
            "escape-html": "^1.0.3",
            "fresh": "~0.5.2",
            "http-assert": "^1.3.0",
            "http-errors": "^1.6.3",
            "is-generator-function": "^1.0.7",
            "koa-compose": "^4.1.0",
            "koa-convert": "^1.2.0",
            "on-finished": "^2.3.0",
            "only": "~0.0.2",
            "parseurl": "^1.3.2",
            "statuses": "^1.5.0",
            "type-is": "^1.6.16",
            "vary": "^1.1.2"
          },
          "dependencies": {
            "depd": {
              "version": "2.0.0"
            },
            "koa-compose": {
              "version": "4.1.0"
            }
          }
        },
        "koa-body": {
          "version": "4.2.0",
          "requires": {
            "@types/formidable": "^1.0.31",
            "co-body": "^5.1.1",
            "formidable": "^1.1.1"
          }
        },
        "koa-compose": {
          "version": "3.2.1",
          "requires": {
            "any-promise": "^1.1.0"
          }
        },
        "koa-convert": {
          "version": "1.2.0",
          "requires": {
            "co": "^4.6.0",
            "koa-compose": "^3.0.0"
          }
        },
        "koa-router": {
          "version": "7.4.0",
          "requires": {
            "debug": "^3.1.0",
            "http-errors": "^1.3.1",
            "koa-compose": "^3.0.0",
            "methods": "^1.0.1",
            "path-to-regexp": "^1.1.1",
            "urijs": "^1.19.0"
          },
          "dependencies": {
            "debug": {
              "version": "3.2.7",
              "requires": {
                "ms": "^2.1.1"
              }
            },
            "ms": {
              "version": "2.1.3"
            }
          }
        },
        "koa-send": {
          "version": "5.0.1",
          "requires": {
            "debug": "^4.1.1",
            "http-errors": "^1.7.3",
            "resolve-path": "^1.4.0"
          },
          "dependencies": {
            "debug": {
              "version": "4.3.1",
              "requires": {
                "ms": "2.1.2"
              }
            }
          }
        },
        "koa-static-server": {
          "version": "1.5.2",
          "requires": {
            "koa-send": "^5.0.0",
            "upath": "^1.0.2"
          }
        },
        "lodash.includes": {
          "version": "4.3.0"
        },
        "lodash.isboolean": {
          "version": "3.0.3"
        },
        "lodash.isinteger": {
          "version": "4.0.4"
        },
        "lodash.isnumber": {
          "version": "3.0.3"
        },
        "lodash.isplainobject": {
          "version": "4.0.6"
        },
        "lodash.isstring": {
          "version": "4.0.1"
        },
        "lodash.once": {
          "version": "4.1.1"
        },
        "media-typer": {
          "version": "0.3.0"
        },
        "memory-pager": {
          "version": "1.5.0",
          "optional": true
        },
        "methods": {
          "version": "1.1.2"
        },
        "mime-db": {
          "version": "1.45.0"
        },
        "mime-types": {
          "version": "2.1.28",
          "requires": {
            "mime-db": "1.45.0"
          }
        },
        "mongodb": {
          "version": "3.6.3",
          "requires": {
            "bl": "^2.2.1",
            "bson": "^1.1.4",
            "denque": "^1.4.1",
            "require_optional": "^1.0.1",
            "safe-buffer": "^5.1.2",
            "saslprep": "^1.0.0"
          }
        },
        "mongoose": {
          "version": "5.11.15",
          "requires": {
            "@types/mongodb": "^3.5.27",
            "bson": "^1.1.4",
            "kareem": "2.3.2",
            "mongodb": "3.6.3",
            "mongoose-legacy-pluralize": "1.0.2",
            "mpath": "0.8.3",
            "mquery": "3.2.3",
            "ms": "2.1.2",
            "regexp-clone": "1.0.0",
            "safe-buffer": "5.2.1",
            "sift": "7.0.1",
            "sliced": "1.0.1"
          }
        },
        "mongoose-legacy-pluralize": {
          "version": "1.0.2"
        },
        "mpath": {
          "version": "0.8.3"
        },
        "mquery": {
          "version": "3.2.3",
          "requires": {
            "bluebird": "3.5.1",
            "debug": "3.1.0",
            "regexp-clone": "^1.0.0",
            "safe-buffer": "5.1.2",
            "sliced": "1.0.1"
          },
          "dependencies": {
            "safe-buffer": {
              "version": "5.1.2"
            }
          }
        },
        "ms": {
          "version": "2.1.2"
        },
        "negotiator": {
          "version": "0.6.2"
        },
        "nested-property": {
          "version": "4.0.0"
        },
        "on-finished": {
          "version": "2.3.0",
          "requires": {
            "ee-first": "1.1.1"
          }
        },
        "only": {
          "version": "0.0.2"
        },
        "parseurl": {
          "version": "1.3.3"
        },
        "path-is-absolute": {
          "version": "1.0.1"
        },
        "path-to-regexp": {
          "version": "1.8.0",
          "requires": {
            "isarray": "0.0.1"
          }
        },
        "process-nextick-args": {
          "version": "2.0.1"
        },
        "qs": {
          "version": "6.9.6"
        },
        "raw-body": {
          "version": "2.4.1",
          "requires": {
            "bytes": "3.1.0",
            "http-errors": "1.7.3",
            "iconv-lite": "0.4.24",
            "unpipe": "1.0.0"
          },
          "dependencies": {
            "http-errors": {
              "version": "1.7.3",
              "requires": {
                "depd": "~1.1.2",
                "inherits": "2.0.4",
                "setprototypeof": "1.1.1",
                "statuses": ">= 1.5.0 < 2",
                "toidentifier": "1.0.0"
              }
            },
            "setprototypeof": {
              "version": "1.1.1"
            }
          }
        },
        "readable-stream": {
          "version": "2.3.7",
          "requires": {
            "core-util-is": "~1.0.0",
            "inherits": "~2.0.3",
            "isarray": "~1.0.0",
            "process-nextick-args": "~2.0.0",
            "safe-buffer": "~5.1.1",
            "string_decoder": "~1.1.1",
            "util-deprecate": "~1.0.1"
          },
          "dependencies": {
            "isarray": {
              "version": "1.0.0"
            },
            "safe-buffer": {
              "version": "5.1.2"
            }
          }
        },
        "regexp-clone": {
          "version": "1.0.0"
        },
        "require_optional": {
          "version": "1.0.1",
          "requires": {
            "resolve-from": "^2.0.0",
            "semver": "^5.1.0"
          }
        },
        "resolve-from": {
          "version": "2.0.0"
        },
        "resolve-path": {
          "version": "1.4.0",
          "requires": {
            "http-errors": "~1.6.2",
            "path-is-absolute": "1.0.1"
          },
          "dependencies": {
            "http-errors": {
              "version": "1.6.3",
              "requires": {
                "depd": "~1.1.2",
                "inherits": "2.0.3",
                "setprototypeof": "1.1.0",
                "statuses": ">= 1.4.0 < 2"
              }
            },
            "inherits": {
              "version": "2.0.3"
            },
            "setprototypeof": {
              "version": "1.1.0"
            }
          }
        },
        "safe-buffer": {
          "version": "5.2.1"
        },
        "safer-buffer": {
          "version": "2.1.2"
        },
        "saslprep": {
          "version": "1.0.3",
          "optional": true,
          "requires": {
            "sparse-bitfield": "^3.0.3"
          }
        },
        "semver": {
          "version": "5.7.1"
        },
        "setprototypeof": {
          "version": "1.2.0"
        },
        "sift": {
          "version": "7.0.1"
        },
        "sliced": {
          "version": "1.0.1"
        },
        "sparse-bitfield": {
          "version": "3.0.3",
          "optional": true,
          "requires": {
            "memory-pager": "^1.0.2"
          }
        },
        "statuses": {
          "version": "1.5.0"
        },
        "string_decoder": {
          "version": "1.1.1",
          "requires": {
            "safe-buffer": "~5.1.0"
          },
          "dependencies": {
            "safe-buffer": {
              "version": "5.1.2"
            }
          }
        },
        "toidentifier": {
          "version": "1.0.0"
        },
        "tsscmp": {
          "version": "1.0.6"
        },
        "type-is": {
          "version": "1.6.18",
          "requires": {
            "media-typer": "0.3.0",
            "mime-types": "~2.1.24"
          }
        },
        "unpipe": {
          "version": "1.0.0"
        },
        "upath": {
          "version": "1.2.0"
        },
        "urijs": {
          "version": "1.19.5"
        },
        "util-deprecate": {
          "version": "1.0.2"
        },
        "utils-extend": {
          "version": "1.0.8"
        },
        "vary": {
          "version": "1.1.2"
        },
        "ylru": {
          "version": "1.2.1"
        }
      }
    },
    "datejs": {
      "version": "1.0.0-rc3",
      "resolved": "https://registry.npmjs.org/datejs/-/datejs-1.0.0-rc3.tgz",
      "integrity": "sha1-v/oe/t7+tB/diiQq9Vr6AftY3lc="
    },
    "debug": {
      "version": "4.3.1",
      "resolved": "https://registry.npmjs.org/debug/-/debug-4.3.1.tgz",
      "integrity": "sha512-doEwdvm4PCeK4K3RQN2ZC2BYUBaxwLARCqZmMjtF8a51J2Rb0xpVloFRnCODwqjpwnAoao4pelN8l3RJdv3gRQ==",
      "requires": {
        "ms": "2.1.2"
      }
    },
    "depd": {
      "version": "1.1.2",
      "resolved": "https://registry.npmjs.org/depd/-/depd-1.1.2.tgz",
      "integrity": "sha1-m81S4UwJd2PnSbJ0xDRu0uVgtak="
    },
    "http-errors": {
      "version": "1.8.0",
      "resolved": "https://registry.npmjs.org/http-errors/-/http-errors-1.8.0.tgz",
      "integrity": "sha512-4I8r0C5JDhT5VkvI47QktDW75rNlGVsUf/8hzjCC/wkWI/jdTRmBb9aI7erSG82r1bjKY3F6k28WnsVxB1C73A==",
      "requires": {
        "depd": "~1.1.2",
        "inherits": "2.0.4",
        "setprototypeof": "1.2.0",
        "statuses": ">= 1.5.0 < 2",
        "toidentifier": "1.0.0"
      }
    },
    "inherits": {
      "version": "2.0.4",
      "resolved": "https://registry.npmjs.org/inherits/-/inherits-2.0.4.tgz",
      "integrity": "sha512-k/vGaX4/Yla3WzyMCvTQOXYeIHvqOKtnqBduzTHpzpQZzAskKMhZ2K+EnBiSM9zGSoIFeMpXKxa4dYeZIQqewQ=="
    },
    "koa-compose": {
      "version": "4.1.0",
      "resolved": "https://registry.npmjs.org/koa-compose/-/koa-compose-4.1.0.tgz",
      "integrity": "sha512-8ODW8TrDuMYvXRwra/Kh7/rJo9BtOfPc6qO8eAfC80CnCvSjSl0bkRM24X6/XBBEyj0v1nRUQ1LyOy3dbqOWXw=="
    },
    "koa-router": {
      "version": "10.0.0",
      "resolved": "https://registry.npmjs.org/koa-router/-/koa-router-10.0.0.tgz",
      "integrity": "sha512-gAE5J1gBQTvfR8rMMtMUkE26+1MbO3DGpGmvfmM2pR9Z7w2VIb2Ecqeal98yVO7+4ltffby7gWOzpCmdNOQe0w==",
      "requires": {
        "debug": "^4.1.1",
        "http-errors": "^1.7.3",
        "koa-compose": "^4.1.0",
        "methods": "^1.1.2",
        "path-to-regexp": "^6.1.0"
      }
    },
    "methods": {
      "version": "1.1.2",
      "resolved": "https://registry.npmjs.org/methods/-/methods-1.1.2.tgz",
      "integrity": "sha1-VSmk1nZUE07cxSZmVoNbD4Ua/O4="
    },
    "ms": {
      "version": "2.1.2",
      "resolved": "https://registry.npmjs.org/ms/-/ms-2.1.2.tgz",
      "integrity": "sha512-sGkPx+VjMtmA6MX27oA4FBFELFCZZ4S4XqeGOXCv68tT+jb3vk/RyaKWP0PTKyWtmLSM0b+adUTEvbs1PEaH2w=="
    },
    "path-to-regexp": {
      "version": "6.2.0",
      "resolved": "https://registry.npmjs.org/path-to-regexp/-/path-to-regexp-6.2.0.tgz",
      "integrity": "sha512-f66KywYG6+43afgE/8j/GoiNyygk/bnoCbps++3ErRKsIYkGGupyv07R2Ok5m9i67Iqc+T2g1eAUGUPzWhYTyg=="
    },
    "setprototypeof": {
      "version": "1.2.0",
      "resolved": "https://registry.npmjs.org/setprototypeof/-/setprototypeof-1.2.0.tgz",
      "integrity": "sha512-E5LDX7Wrp85Kil5bhZv46j8jOeboKq5JMmYM3gVGdGH8xFpPWXUMsNrlODCrkoxMEeNi/XZIwuRvY4XNwYMJpw=="
    },
    "statuses": {
      "version": "1.5.0",
      "resolved": "https://registry.npmjs.org/statuses/-/statuses-1.5.0.tgz",
      "integrity": "sha1-Fhx9rBd2Wf2YEfQ3cfqZOBR4Yow="
    },
    "toidentifier": {
      "version": "1.0.0",
      "resolved": "https://registry.npmjs.org/toidentifier/-/toidentifier-1.0.0.tgz",
      "integrity": "sha512-yaOH/Pk/VEhBWWTlhI+qXxDFXlejDGcQipMlyxda9nthulaxLZUNcUqFxokp0vcYnvteJln5FNQDRrxj3YcbVw=="
    }
  }
}
